{
  "name": "visionstack",
  "version": "0.0.1",
  "lockfileVersion": 3,
  "requires": true,
  "packages": {
    "": {
      "name": "visionstack",
      "version": "0.0.1",
      "dependencies": {
        "react": "^18.3.1",
        "react-dom": "^18.3.1",
        "esbuild": "^0.19.0",
        "esbuild-wasm": "^0.19.0",
        "tailwindcss": "^3.5.0",
        "autoprefixer": "^10.4.19",
        "marked": "^5.0.0",
        "dompurify": "^2.4.0"
      },
      "devDependencies": {
        "@types/react": "^18.3.3",
        "@types/react-dom": "^18.3.0",
        "@vitejs/plugin-react": "^4.3.1",
        "@typescript-eslint/eslint-plugin": "^7.15.0",
        "@typescript-eslint/parser": "^7.15.0",
        "eslint": "^8.57.0",
        "eslint-plugin-react-hooks": "^4.6.2",
        "eslint-plugin-react-refresh": "^0.4.7",
        "postcss": "^8.4.40",
        "tailwindcss-animate": "^1.0.7",
        "typescript": "^5.2.2",
        "vite": "^5.3.4",
        "sass": "^1.64.0"
      }
    }
  }
}
